
Microsoft Visual Studio Solution File, Format Version 12.00
# Visual Studio Version 16
VisualStudioVersion = 16.0.30204.135
MinimumVisualStudioVersion = 10.0.40219.1
Project("{FAE04EC0-301F-11D3-BF4B-00C04F79EFBC}") = "RProducer", "RProducer\RProducer.csproj", "{4FBC43D1-E614-43A4-977C-602459C02C2C}"
EndProject
Project("{FAE04EC0-301F-11D3-BF4B-00C04F79EFBC}") = "RConsumer", "RConsumer\RConsumer.csproj", "{933CECCD-ABC8-42F2-A5EE-16DB900A344C}"
EndProject
Global
	GlobalSection(SolutionConfigurationPlatforms) = preSolution
		Debug|Any CPU = Debug|Any CPU
		Release|Any CPU = Release|Any CPU
	EndGlobalSection
	GlobalSection(ProjectConfigurationPlatforms) = postSolution
		{4FBC43D1-E614-43A4-977C-602459C02C2C}.Debug|Any CPU.ActiveCfg = Debug|Any CPU
		{4FBC43D1-E614-43A4-977C-602459C02C2C}.Debug|Any CPU.Build.0 = Debug|Any CPU
		{4FBC43D1-E614-43A4-977C-602459C02C2C}.Release|Any CPU.ActiveCfg = Release|Any CPU
		{4FBC43D1-E614-43A4-977C-602459C02C2C}.Release|Any CPU.Build.0 = Release|Any CPU
		{933CECCD-ABC8-42F2-A5EE-16DB900A344C}.Debug|Any CPU.ActiveCfg = Debug|Any CPU
		{933CECCD-ABC8-42F2-A5EE-16DB900A344C}.Debug|Any CPU.Build.0 = Debug|Any CPU
		{933CECCD-ABC8-42F2-A5EE-16DB900A344C}.Release|Any CPU.ActiveCfg = Release|Any CPU
		{933CECCD-ABC8-42F2-A5EE-16DB900A344C}.Release|Any CPU.Build.0 = Release|Any CPU
	EndGlobalSection
	GlobalSection(SolutionProperties) = preSolution
		HideSolutionNode = FALSE
	EndGlobalSection
	GlobalSection(ExtensibilityGlobals) = postSolution
		SolutionGuid = {481186B1-909A-4392-A0AB-67550E9A77B0}
	EndGlobalSection
EndGlobal
